# This file is automatically @generated by Cargo.
# It is not intended for manual editing.
version = 3

[[package]]
name = "focal-core"
version = "0.1.0"

[[package]]
name = "focal-desk"
version = "0.1.0"
dependencies = [
 "focal-core",
 "focal-win",
]

[[package]]
name = "focal-win"
version = "0.1.0"
dependencies = [
 "focal-core",
]
